{
  "version": 4,
  "terraform_version": "0.14.5",
  "serial": 3,
  "lineage": "f4ea294b-1e89-1817-cecf-6c0dde230658",
  "outputs": {},
  "resources": [
    {
      "module": "module.monthly_budget",
      "mode": "managed",
      "type": "aws_budgets_budget",
      "name": "monthly",
      "provider": "module.monthly_budget.provider[\"registry.terraform.io/hashicorp/aws\"]",
      "instances": [
        {
          "schema_version": 0,
          "attributes": {
            "account_id": "254402424215",
            "arn": "arn:aws:budgets::254402424215:budget/monthly",
            "auto_adjust_data": [
              {
                "auto_adjust_type": "HISTORICAL",
                "historical_options": [
                  {
                    "budget_adjustment_period": 3,
                    "lookback_available_periods": 0
                  }
                ],
                "last_auto_adjust_time": "0001-01-01T00:00:00Z"
              }
            ],
            "budget_type": "COST",
            "cost_filter": [],
            "cost_types": [
              {
                "include_credit": true,
                "include_discount": true,
                "include_other_subscription": true,
                "include_recurring": true,
                "include_refund": true,
                "include_subscription": true,
                "include_support": true,
                "include_tax": true,
                "include_upfront": true,
                "use_amortized": false,
                "use_blended": false
              }
            ],
            "id": "254402424215:monthly",
            "limit_amount": "0.0",
            "limit_unit": "USD",
            "name": "monthly",
            "name_prefix": "",
            "notification": [
              {
                "comparison_operator": "GREATER_THAN",
                "notification_type": "ACTUAL",
                "subscriber_email_addresses": [
                  "kommuri.mani@gmail.com"
                ],
                "subscriber_sns_topic_arns": [],
                "threshold": 80,
                "threshold_type": "PERCENTAGE"
              }
            ],
            "planned_limit": [],
            "time_period_end": "2087-06-15_00:00",
            "time_period_start": "2023-09-20_00:00",
            "time_unit": "MONTHLY"
          },
          "sensitive_attributes": [],
          "private": "bnVsbA=="
        }
      ]
    }
  ]
}
